
Microsoft Visual Studio Solution File, Format Version 12.00
# Visual Studio 15
VisualStudioVersion = 15.0.28307.960
MinimumVisualStudioVersion = 10.0.40219.1
Project("{FAE04EC0-301F-11D3-BF4B-00C04F79EFBC}") = "FAForeverWikiX.Android", "FAForeverWikiX\FAForeverWikiX.Android\FAForeverWikiX.Android.csproj", "{7ED86304-794F-4924-8E06-F536D5F9B38F}"
EndProject
Project("{FAE04EC0-301F-11D3-BF4B-00C04F79EFBC}") = "FAForeverWikiX.iOS", "FAForeverWikiX\FAForeverWikiX.iOS\FAForeverWikiX.iOS.csproj", "{0641E5E9-268B-4A45-BAE6-1A04B7E9F085}"
EndProject
Project("{FAE04EC0-301F-11D3-BF4B-00C04F79EFBC}") = "FAForeverWikiX.UWP", "FAForeverWikiX\FAForeverWikiX.UWP\FAForeverWikiX.UWP.csproj", "{9F9AA376-47D4-4505-8059-1DA61D778549}"
EndProject
Project("{FAE04EC0-301F-11D3-BF4B-00C04F79EFBC}") = "FAForeverWikiX", "FAForeverWikiX\FAForeverWikiX\FAForeverWikiX.csproj", "{E05E054F-D5DE-475D-A688-04DE65CB809B}"
EndProject
Project("{FAE04EC0-301F-11D3-BF4B-00C04F79EFBC}") = "DataBaseFAFWiki", "..\DataBaseFAFWiki\DataBaseFAFWiki\DataBaseFAFWiki.csproj", "{7583EBFA-F83C-47C7-A158-D5D2825F3E58}"
EndProject
Global
	GlobalSection(SolutionConfigurationPlatforms) = preSolution
		Ad-Hoc|Any CPU = Ad-Hoc|Any CPU
		Ad-Hoc|ARM = Ad-Hoc|ARM
		Ad-Hoc|iPhone = Ad-Hoc|iPhone
		Ad-Hoc|iPhoneSimulator = Ad-Hoc|iPhoneSimulator
		Ad-Hoc|x64 = Ad-Hoc|x64
		Ad-Hoc|x86 = Ad-Hoc|x86
		AppStore|Any CPU = AppStore|Any CPU
		AppStore|ARM = AppStore|ARM
		AppStore|iPhone = AppStore|iPhone
		AppStore|iPhoneSimulator = AppStore|iPhoneSimulator
		AppStore|x64 = AppStore|x64
		AppStore|x86 = AppStore|x86
		Debug|Any CPU = Debug|Any CPU
		Debug|ARM = Debug|ARM
		Debug|iPhone = Debug|iPhone
		Debug|iPhoneSimulator = Debug|iPhoneSimulator
		Debug|x64 = Debug|x64
		Debug|x86 = Debug|x86
		Release|Any CPU = Release|Any CPU
		Release|ARM = Release|ARM
		Release|iPhone = Release|iPhone
		Release|iPhoneSimulator = Release|iPhoneSimulator
		Release|x64 = Release|x64
		Release|x86 = Release|x86
	EndGlobalSection
	GlobalSection(ProjectConfigurationPlatforms) = postSolution
		{7ED86304-794F-4924-8E06-F536D5F9B38F}.Ad-Hoc|Any CPU.ActiveCfg = Release|Any CPU
		{7ED86304-794F-4924-8E06-F536D5F9B38F}.Ad-Hoc|Any CPU.Build.0 = Release|Any CPU
		{7ED86304-794F-4924-8E06-F536D5F9B38F}.Ad-Hoc|Any CPU.Deploy.0 = Release|Any CPU
		{7ED86304-794F-4924-8E06-F536D5F9B38F}.Ad-Hoc|ARM.ActiveCfg = Release|Any CPU
		{7ED86304-794F-4924-8E06-F536D5F9B38F}.Ad-Hoc|ARM.Build.0 = Release|Any CPU
		{7ED86304-794F-4924-8E06-F536D5F9B38F}.Ad-Hoc|ARM.Deploy.0 = Release|Any CPU
		{7ED86304-794F-4924-8E06-F536D5F9B38F}.Ad-Hoc|iPhone.ActiveCfg = Release|Any CPU
		{7ED86304-794F-4924-8E06-F536D5F9B38F}.Ad-Hoc|iPhone.Build.0 = Release|Any CPU
		{7ED86304-794F-4924-8E06-F536D5F9B38F}.Ad-Hoc|iPhone.Deploy.0 = Release|Any CPU
		{7ED86304-794F-4924-8E06-F536D5F9B38F}.Ad-Hoc|iPhoneSimulator.ActiveCfg = Release|Any CPU
		{7ED86304-794F-4924-8E06-F536D5F9B38F}.Ad-Hoc|iPhoneSimulator.Build.0 = Release|Any CPU
		{7ED86304-794F-4924-8E06-F536D5F9B38F}.Ad-Hoc|iPhoneSimulator.Deploy.0 = Release|Any CPU
		{7ED86304-794F-4924-8E06-F536D5F9B38F}.Ad-Hoc|x64.ActiveCfg = Release|Any CPU
		{7ED86304-794F-4924-8E06-F536D5F9B38F}.Ad-Hoc|x64.Build.0 = Release|Any CPU
		{7ED86304-794F-4924-8E06-F536D5F9B38F}.Ad-Hoc|x64.Deploy.0 = Release|Any CPU
		{7ED86304-794F-4924-8E06-F536D5F9B38F}.Ad-Hoc|x86.ActiveCfg = Release|Any CPU
		{7ED86304-794F-4924-8E06-F536D5F9B38F}.Ad-Hoc|x86.Build.0 = Release|Any CPU
		{7ED86304-794F-4924-8E06-F536D5F9B38F}.Ad-Hoc|x86.Deploy.0 = Release|Any CPU
		{7ED86304-794F-4924-8E06-F536D5F9B38F}.AppStore|Any CPU.ActiveCfg = Release|Any CPU
		{7ED86304-794F-4924-8E06-F536D5F9B38F}.AppStore|Any CPU.Build.0 = Release|Any CPU
		{7ED86304-794F-4924-8E06-F536D5F9B38F}.AppStore|Any CPU.Deploy.0 = Release|Any CPU
		{7ED86304-794F-4924-8E06-F536D5F9B38F}.AppStore|ARM.ActiveCfg = Release|Any CPU
		{7ED86304-794F-4924-8E06-F536D5F9B38F}.AppStore|ARM.Build.0 = Release|Any CPU
		{7ED86304-794F-4924-8E06-F536D5F9B38F}.AppStore|ARM.Deploy.0 = Release|Any CPU
		{7ED86304-794F-4924-8E06-F536D5F9B38F}.AppStore|iPhone.ActiveCfg = Release|Any CPU
		{7ED86304-794F-4924-8E06-F536D5F9B38F}.AppStore|iPhone.Build.0 = Release|Any CPU
		{7ED86304-794F-4924-8E06-F536D5F9B38F}.AppStore|iPhone.Deploy.0 = Release|Any CPU
		{7ED86304-794F-4924-8E06-F536D5F9B38F}.AppStore|iPhoneSimulator.ActiveCfg = Release|Any CPU
		{7ED86304-794F-4924-8E06-F536D5F9B38F}.AppStore|iPhoneSimulator.Build.0 = Release|Any CPU
		{7ED86304-794F-4924-8E06-F536D5F9B38F}.AppStore|iPhoneSimulator.Deploy.0 = Release|Any CPU
		{7ED86304-794F-4924-8E06-F536D5F9B38F}.AppStore|x64.ActiveCfg = Release|Any CPU
		{7ED86304-794F-4924-8E06-F536D5F9B38F}.AppStore|x64.Build.0 = Release|Any CPU
		{7ED86304-794F-4924-8E06-F536D5F9B38F}.AppStore|x64.Deploy.0 = Release|Any CPU
		{7ED86304-794F-4924-8E06-F536D5F9B38F}.AppStore|x86.ActiveCfg = Release|Any CPU
		{7ED86304-794F-4924-8E06-F536D5F9B38F}.AppStore|x86.Build.0 = Release|Any CPU
		{7ED86304-794F-4924-8E06-F536D5F9B38F}.AppStore|x86.Deploy.0 = Release|Any CPU
		{7ED86304-794F-4924-8E06-F536D5F9B38F}.Debug|Any CPU.ActiveCfg = Debug|Any CPU
		{7ED86304-794F-4924-8E06-F536D5F9B38F}.Debug|Any CPU.Build.0 = Debug|Any CPU
		{7ED86304-794F-4924-8E06-F536D5F9B38F}.Debug|Any CPU.Deploy.0 = Debug|Any CPU
		{7ED86304-794F-4924-8E06-F536D5F9B38F}.Debug|ARM.ActiveCfg = Debug|Any CPU
		{7ED86304-794F-4924-8E06-F536D5F9B38F}.Debug|ARM.Build.0 = Debug|Any CPU
		{7ED86304-794F-4924-8E06-F536D5F9B38F}.Debug|ARM.Deploy.0 = Debug|Any CPU
		{7ED86304-794F-4924-8E06-F536D5F9B38F}.Debug|iPhone.ActiveCfg = Debug|Any CPU
		{7ED86304-794F-4924-8E06-F536D5F9B38F}.Debug|iPhone.Build.0 = Debug|Any CPU
		{7ED86304-794F-4924-8E06-F536D5F9B38F}.Debug|iPhone.Deploy.0 = Debug|Any CPU
		{7ED86304-794F-4924-8E06-F536D5F9B38F}.Debug|iPhoneSimulator.ActiveCfg = Debug|Any CPU
		{7ED86304-794F-4924-8E06-F536D5F9B38F}.Debug|iPhoneSimulator.Build.0 = Debug|Any CPU
		{7ED86304-794F-4924-8E06-F536D5F9B38F}.Debug|iPhoneSimulator.Deploy.0 = Debug|Any CPU
		{7ED86304-794F-4924-8E06-F536D5F9B38F}.Debug|x64.ActiveCfg = Debug|Any CPU
		{7ED86304-794F-4924-8E06-F536D5F9B38F}.Debug|x64.Build.0 = Debug|Any CPU
		{7ED86304-794F-4924-8E06-F536D5F9B38F}.Debug|x64.Deploy.0 = Debug|Any CPU
		{7ED86304-794F-4924-8E06-F536D5F9B38F}.Debug|x86.ActiveCfg = Debug|Any CPU
		{7ED86304-794F-4924-8E06-F536D5F9B38F}.Debug|x86.Build.0 = Debug|Any CPU
		{7ED86304-794F-4924-8E06-F536D5F9B38F}.Debug|x86.Deploy.0 = Debug|Any CPU
		{7ED86304-794F-4924-8E06-F536D5F9B38F}.Release|Any CPU.ActiveCfg = Release|Any CPU
		{7ED86304-794F-4924-8E06-F536D5F9B38F}.Release|Any CPU.Build.0 = Release|Any CPU
		{7ED86304-794F-4924-8E06-F536D5F9B38F}.Release|Any CPU.Deploy.0 = Release|Any CPU
		{7ED86304-794F-4924-8E06-F536D5F9B38F}.Release|ARM.ActiveCfg = Release|Any CPU
		{7ED86304-794F-4924-8E06-F536D5F9B38F}.Release|ARM.Build.0 = Release|Any CPU
		{7ED86304-794F-4924-8E06-F536D5F9B38F}.Release|ARM.Deploy.0 = Release|Any CPU
		{7ED86304-794F-4924-8E06-F536D5F9B38F}.Release|iPhone.ActiveCfg = Release|Any CPU
		{7ED86304-794F-4924-8E06-F536D5F9B38F}.Release|iPhone.Build.0 = Release|Any CPU
		{7ED86304-794F-4924-8E06-F536D5F9B38F}.Release|iPhone.Deploy.0 = Release|Any CPU
		{7ED86304-794F-4924-8E06-F536D5F9B38F}.Release|iPhoneSimulator.ActiveCfg = Release|Any CPU
		{7ED86304-794F-4924-8E06-F536D5F9B38F}.Release|iPhoneSimulator.Build.0 = Release|Any CPU
		{7ED86304-794F-4924-8E06-F536D5F9B38F}.Release|iPhoneSimulator.Deploy.0 = Release|Any CPU
		{7ED86304-794F-4924-8E06-F536D5F9B38F}.Release|x64.ActiveCfg = Release|Any CPU
		{7ED86304-794F-4924-8E06-F536D5F9B38F}.Release|x64.Build.0 = Release|Any CPU
		{7ED86304-794F-4924-8E06-F536D5F9B38F}.Release|x64.Deploy.0 = Release|Any CPU
		{7ED86304-794F-4924-8E06-F536D5F9B38F}.Release|x86.ActiveCfg = Release|Any CPU
		{7ED86304-794F-4924-8E06-F536D5F9B38F}.Release|x86.Build.0 = Release|Any CPU
		{7ED86304-794F-4924-8E06-F536D5F9B38F}.Release|x86.Deploy.0 = Release|Any CPU
		{0641E5E9-268B-4A45-BAE6-1A04B7E9F085}.Ad-Hoc|Any CPU.ActiveCfg = Ad-Hoc|iPhone
		{0641E5E9-268B-4A45-BAE6-1A04B7E9F085}.Ad-Hoc|Any CPU.Build.0 = Ad-Hoc|iPhone
		{0641E5E9-268B-4A45-BAE6-1A04B7E9F085}.Ad-Hoc|Any CPU.Deploy.0 = Ad-Hoc|iPhone
		{0641E5E9-268B-4A45-BAE6-1A04B7E9F085}.Ad-Hoc|ARM.ActiveCfg = Ad-Hoc|iPhone
		{0641E5E9-268B-4A45-BAE6-1A04B7E9F085}.Ad-Hoc|ARM.Build.0 = Ad-Hoc|iPhone
		{0641E5E9-268B-4A45-BAE6-1A04B7E9F085}.Ad-Hoc|ARM.Deploy.0 = Ad-Hoc|iPhone
		{0641E5E9-268B-4A45-BAE6-1A04B7E9F085}.Ad-Hoc|iPhone.ActiveCfg = Ad-Hoc|iPhone
		{0641E5E9-268B-4A45-BAE6-1A04B7E9F085}.Ad-Hoc|iPhone.Build.0 = Ad-Hoc|iPhone
		{0641E5E9-268B-4A45-BAE6-1A04B7E9F085}.Ad-Hoc|iPhone.Deploy.0 = Ad-Hoc|iPhone
		{0641E5E9-268B-4A45-BAE6-1A04B7E9F085}.Ad-Hoc|iPhoneSimulator.ActiveCfg = Ad-Hoc|iPhoneSimulator
		{0641E5E9-268B-4A45-BAE6-1A04B7E9F085}.Ad-Hoc|iPhoneSimulator.Build.0 = Ad-Hoc|iPhoneSimulator
		{0641E5E9-268B-4A45-BAE6-1A04B7E9F085}.Ad-Hoc|iPhoneSimulator.Deploy.0 = Ad-Hoc|iPhoneSimulator
		{0641E5E9-268B-4A45-BAE6-1A04B7E9F085}.Ad-Hoc|x64.ActiveCfg = Ad-Hoc|iPhone
		{0641E5E9-268B-4A45-BAE6-1A04B7E9F085}.Ad-Hoc|x64.Build.0 = Ad-Hoc|iPhone
		{0641E5E9-268B-4A45-BAE6-1A04B7E9F085}.Ad-Hoc|x64.Deploy.0 = Ad-Hoc|iPhone
		{0641E5E9-268B-4A45-BAE6-1A04B7E9F085}.Ad-Hoc|x86.ActiveCfg = Ad-Hoc|iPhone
		{0641E5E9-268B-4A45-BAE6-1A04B7E9F085}.Ad-Hoc|x86.Build.0 = Ad-Hoc|iPhone
		{0641E5E9-268B-4A45-BAE6-1A04B7E9F085}.Ad-Hoc|x86.Deploy.0 = Ad-Hoc|iPhone
		{0641E5E9-268B-4A45-BAE6-1A04B7E9F085}.AppStore|Any CPU.ActiveCfg = AppStore|iPhone
		{0641E5E9-268B-4A45-BAE6-1A04B7E9F085}.AppStore|Any CPU.Build.0 = AppStore|iPhone
		{0641E5E9-268B-4A45-BAE6-1A04B7E9F085}.AppStore|Any CPU.Deploy.0 = AppStore|iPhone
		{0641E5E9-268B-4A45-BAE6-1A04B7E9F085}.AppStore|ARM.ActiveCfg = AppStore|iPhone
		{0641E5E9-268B-4A45-BAE6-1A04B7E9F085}.AppStore|ARM.Build.0 = AppStore|iPhone
		{0641E5E9-268B-4A45-BAE6-1A04B7E9F085}.AppStore|ARM.Deploy.0 = AppStore|iPhone
		{0641E5E9-268B-4A45-BAE6-1A04B7E9F085}.AppStore|iPhone.ActiveCfg = AppStore|iPhone
		{0641E5E9-268B-4A45-BAE6-1A04B7E9F085}.AppStore|iPhone.Build.0 = AppStore|iPhone
		{0641E5E9-268B-4A45-BAE6-1A04B7E9F085}.AppStore|iPhone.Deploy.0 = AppStore|iPhone
		{0641E5E9-268B-4A45-BAE6-1A04B7E9F085}.AppStore|iPhoneSimulator.ActiveCfg = AppStore|iPhoneSimulator
		{0641E5E9-268B-4A45-BAE6-1A04B7E9F085}.AppStore|iPhoneSimulator.Build.0 = AppStore|iPhoneSimulator
		{0641E5E9-268B-4A45-BAE6-1A04B7E9F085}.AppStore|iPhoneSimulator.Deploy.0 = AppStore|iPhoneSimulator
		{0641E5E9-268B-4A45-BAE6-1A04B7E9F085}.AppStore|x64.ActiveCfg = AppStore|iPhone
		{0641E5E9-268B-4A45-BAE6-1A04B7E9F085}.AppStore|x64.Build.0 = AppStore|iPhone
		{0641E5E9-268B-4A45-BAE6-1A04B7E9F085}.AppStore|x64.Deploy.0 = AppStore|iPhone
		{0641E5E9-268B-4A45-BAE6-1A04B7E9F085}.AppStore|x86.ActiveCfg = AppStore|iPhone
		{0641E5E9-268B-4A45-BAE6-1A04B7E9F085}.AppStore|x86.Build.0 = AppStore|iPhone
		{0641E5E9-268B-4A45-BAE6-1A04B7E9F085}.AppStore|x86.Deploy.0 = AppStore|iPhone
		{0641E5E9-268B-4A45-BAE6-1A04B7E9F085}.Debug|Any CPU.ActiveCfg = Debug|iPhoneSimulator
		{0641E5E9-268B-4A45-BAE6-1A04B7E9F085}.Debug|Any CPU.Build.0 = Debug|iPhoneSimulator
		{0641E5E9-268B-4A45-BAE6-1A04B7E9F085}.Debug|Any CPU.Deploy.0 = Debug|iPhoneSimulator
		{0641E5E9-268B-4A45-BAE6-1A04B7E9F085}.Debug|ARM.ActiveCfg = Debug|iPhone
		{0641E5E9-268B-4A45-BAE6-1A04B7E9F085}.Debug|ARM.Build.0 = Debug|iPhone
		{0641E5E9-268B-4A45-BAE6-1A04B7E9F085}.Debug|ARM.Deploy.0 = Debug|iPhone
		{0641E5E9-268B-4A45-BAE6-1A04B7E9F085}.Debug|iPhone.ActiveCfg = Debug|iPhone
		{0641E5E9-268B-4A45-BAE6-1A04B7E9F085}.Debug|iPhone.Build.0 = Debug|iPhone
		{0641E5E9-268B-4A45-BAE6-1A04B7E9F085}.Debug|iPhone.Deploy.0 = Debug|iPhone
		{0641E5E9-268B-4A45-BAE6-1A04B7E9F085}.Debug|iPhoneSimulator.ActiveCfg = Debug|iPhoneSimulator
		{0641E5E9-268B-4A45-BAE6-1A04B7E9F085}.Debug|iPhoneSimulator.Build.0 = Debug|iPhoneSimulator
		{0641E5E9-268B-4A45-BAE6-1A04B7E9F085}.Debug|iPhoneSimulator.Deploy.0 = Debug|iPhoneSimulator
		{0641E5E9-268B-4A45-BAE6-1A04B7E9F085}.Debug|x64.ActiveCfg = Debug|iPhone
		{0641E5E9-268B-4A45-BAE6-1A04B7E9F085}.Debug|x64.Build.0 = Debug|iPhone
		{0641E5E9-268B-4A45-BAE6-1A04B7E9F085}.Debug|x64.Deploy.0 = Debug|iPhone
		{0641E5E9-268B-4A45-BAE6-1A04B7E9F085}.Debug|x86.ActiveCfg = Debug|iPhone
		{0641E5E9-268B-4A45-BAE6-1A04B7E9F085}.Debug|x86.Build.0 = Debug|iPhone
		{0641E5E9-268B-4A45-BAE6-1A04B7E9F085}.Debug|x86.Deploy.0 = Debug|iPhone
		{0641E5E9-268B-4A45-BAE6-1A04B7E9F085}.Release|Any CPU.ActiveCfg = Release|iPhone
		{0641E5E9-268B-4A45-BAE6-1A04B7E9F085}.Release|Any CPU.Build.0 = Release|iPhone
		{0641E5E9-268B-4A45-BAE6-1A04B7E9F085}.Release|Any CPU.Deploy.0 = Release|iPhone
		{0641E5E9-268B-4A45-BAE6-1A04B7E9F085}.Release|ARM.ActiveCfg = Release|iPhone
		{0641E5E9-268B-4A45-BAE6-1A04B7E9F085}.Release|ARM.Build.0 = Release|iPhone
		{0641E5E9-268B-4A45-BAE6-1A04B7E9F085}.Release|ARM.Deploy.0 = Release|iPhone
		{0641E5E9-268B-4A45-BAE6-1A04B7E9F085}.Release|iPhone.ActiveCfg = Release|iPhone
		{0641E5E9-268B-4A45-BAE6-1A04B7E9F085}.Release|iPhone.Build.0 = Release|iPhone
		{0641E5E9-268B-4A45-BAE6-1A04B7E9F085}.Release|iPhone.Deploy.0 = Release|iPhone
		{0641E5E9-268B-4A45-BAE6-1A04B7E9F085}.Release|iPhoneSimulator.ActiveCfg = Release|iPhoneSimulator
		{0641E5E9-268B-4A45-BAE6-1A04B7E9F085}.Release|iPhoneSimulator.Build.0 = Release|iPhoneSimulator
		{0641E5E9-268B-4A45-BAE6-1A04B7E9F085}.Release|iPhoneSimulator.Deploy.0 = Release|iPhoneSimulator
		{0641E5E9-268B-4A45-BAE6-1A04B7E9F085}.Release|x64.ActiveCfg = Release|iPhone
		{0641E5E9-268B-4A45-BAE6-1A04B7E9F085}.Release|x64.Build.0 = Release|iPhone
		{0641E5E9-268B-4A45-BAE6-1A04B7E9F085}.Release|x64.Deploy.0 = Release|iPhone
		{0641E5E9-268B-4A45-BAE6-1A04B7E9F085}.Release|x86.ActiveCfg = Release|iPhone
		{0641E5E9-268B-4A45-BAE6-1A04B7E9F085}.Release|x86.Build.0 = Release|iPhone
		{0641E5E9-268B-4A45-BAE6-1A04B7E9F085}.Release|x86.Deploy.0 = Release|iPhone
		{9F9AA376-47D4-4505-8059-1DA61D778549}.Ad-Hoc|Any CPU.ActiveCfg = Release|x86
		{9F9AA376-47D4-4505-8059-1DA61D778549}.Ad-Hoc|Any CPU.Build.0 = Release|x86
		{9F9AA376-47D4-4505-8059-1DA61D778549}.Ad-Hoc|Any CPU.Deploy.0 = Release|x86
		{9F9AA376-47D4-4505-8059-1DA61D778549}.Ad-Hoc|ARM.ActiveCfg = Release|ARM
		{9F9AA376-47D4-4505-8059-1DA61D778549}.Ad-Hoc|ARM.Build.0 = Release|ARM
		{9F9AA376-47D4-4505-8059-1DA61D778549}.Ad-Hoc|ARM.Deploy.0 = Release|ARM
		{9F9AA376-47D4-4505-8059-1DA61D778549}.Ad-Hoc|iPhone.ActiveCfg = Release|x86
		{9F9AA376-47D4-4505-8059-1DA61D778549}.Ad-Hoc|iPhone.Build.0 = Release|x86
		{9F9AA376-47D4-4505-8059-1DA61D778549}.Ad-Hoc|iPhone.Deploy.0 = Release|x86
		{9F9AA376-47D4-4505-8059-1DA61D778549}.Ad-Hoc|iPhoneSimulator.ActiveCfg = Release|x86
		{9F9AA376-47D4-4505-8059-1DA61D778549}.Ad-Hoc|iPhoneSimulator.Build.0 = Release|x86
		{9F9AA376-47D4-4505-8059-1DA61D778549}.Ad-Hoc|iPhoneSimulator.Deploy.0 = Release|x86
		{9F9AA376-47D4-4505-8059-1DA61D778549}.Ad-Hoc|x64.ActiveCfg = Release|x64
		{9F9AA376-47D4-4505-8059-1DA61D778549}.Ad-Hoc|x64.Build.0 = Release|x64
		{9F9AA376-47D4-4505-8059-1DA61D778549}.Ad-Hoc|x64.Deploy.0 = Release|x64
		{9F9AA376-47D4-4505-8059-1DA61D778549}.Ad-Hoc|x86.ActiveCfg = Release|x86
		{9F9AA376-47D4-4505-8059-1DA61D778549}.Ad-Hoc|x86.Build.0 = Release|x86
		{9F9AA376-47D4-4505-8059-1DA61D778549}.Ad-Hoc|x86.Deploy.0 = Release|x86
		{9F9AA376-47D4-4505-8059-1DA61D778549}.AppStore|Any CPU.ActiveCfg = Release|x86
		{9F9AA376-47D4-4505-8059-1DA61D778549}.AppStore|Any CPU.Build.0 = Release|x86
		{9F9AA376-47D4-4505-8059-1DA61D778549}.AppStore|Any CPU.Deploy.0 = Release|x86
		{9F9AA376-47D4-4505-8059-1DA61D778549}.AppStore|ARM.ActiveCfg = Release|ARM
		{9F9AA376-47D4-4505-8059-1DA61D778549}.AppStore|ARM.Build.0 = Release|ARM
		{9F9AA376-47D4-4505-8059-1DA61D778549}.AppStore|ARM.Deploy.0 = Release|ARM
		{9F9AA376-47D4-4505-8059-1DA61D778549}.AppStore|iPhone.ActiveCfg = Release|x86
		{9F9AA376-47D4-4505-8059-1DA61D778549}.AppStore|iPhone.Build.0 = Release|x86
		{9F9AA376-47D4-4505-8059-1DA61D778549}.AppStore|iPhone.Deploy.0 = Release|x86
		{9F9AA376-47D4-4505-8059-1DA61D778549}.AppStore|iPhoneSimulator.ActiveCfg = Release|x86
		{9F9AA376-47D4-4505-8059-1DA61D778549}.AppStore|iPhoneSimulator.Build.0 = Release|x86
		{9F9AA376-47D4-4505-8059-1DA61D778549}.AppStore|iPhoneSimulator.Deploy.0 = Release|x86
		{9F9AA376-47D4-4505-8059-1DA61D778549}.AppStore|x64.ActiveCfg = Release|x64
		{9F9AA376-47D4-4505-8059-1DA61D778549}.AppStore|x64.Build.0 = Release|x64
		{9F9AA376-47D4-4505-8059-1DA61D778549}.AppStore|x64.Deploy.0 = Release|x64
		{9F9AA376-47D4-4505-8059-1DA61D778549}.AppStore|x86.ActiveCfg = Release|x86
		{9F9AA376-47D4-4505-8059-1DA61D778549}.AppStore|x86.Build.0 = Release|x86
		{9F9AA376-47D4-4505-8059-1DA61D778549}.AppStore|x86.Deploy.0 = Release|x86
		{9F9AA376-47D4-4505-8059-1DA61D778549}.Debug|Any CPU.ActiveCfg = Debug|x86
		{9F9AA376-47D4-4505-8059-1DA61D778549}.Debug|Any CPU.Build.0 = Debug|x86
		{9F9AA376-47D4-4505-8059-1DA61D778549}.Debug|Any CPU.Deploy.0 = Debug|x86
		{9F9AA376-47D4-4505-8059-1DA61D778549}.Debug|ARM.ActiveCfg = Debug|ARM
		{9F9AA376-47D4-4505-8059-1DA61D778549}.Debug|ARM.Build.0 = Debug|ARM
		{9F9AA376-47D4-4505-8059-1DA61D778549}.Debug|ARM.Deploy.0 = Debug|ARM
		{9F9AA376-47D4-4505-8059-1DA61D778549}.Debug|iPhone.ActiveCfg = Debug|x86
		{9F9AA376-47D4-4505-8059-1DA61D778549}.Debug|iPhone.Build.0 = Debug|x86
		{9F9AA376-47D4-4505-8059-1DA61D778549}.Debug|iPhone.Deploy.0 = Debug|x86
		{9F9AA376-47D4-4505-8059-1DA61D778549}.Debug|iPhoneSimulator.ActiveCfg = Debug|x86
		{9F9AA376-47D4-4505-8059-1DA61D778549}.Debug|iPhoneSimulator.Build.0 = Debug|x86
		{9F9AA376-47D4-4505-8059-1DA61D778549}.Debug|iPhoneSimulator.Deploy.0 = Debug|x86
		{9F9AA376-47D4-4505-8059-1DA61D778549}.Debug|x64.ActiveCfg = Debug|x64
		{9F9AA376-47D4-4505-8059-1DA61D778549}.Debug|x64.Build.0 = Debug|x64
		{9F9AA376-47D4-4505-8059-1DA61D778549}.Debug|x64.Deploy.0 = Debug|x64
		{9F9AA376-47D4-4505-8059-1DA61D778549}.Debug|x86.ActiveCfg = Debug|x86
		{9F9AA376-47D4-4505-8059-1DA61D778549}.Debug|x86.Build.0 = Debug|x86
		{9F9AA376-47D4-4505-8059-1DA61D778549}.Debug|x86.Deploy.0 = Debug|x86
		{9F9AA376-47D4-4505-8059-1DA61D778549}.Release|Any CPU.ActiveCfg = Release|x86
		{9F9AA376-47D4-4505-8059-1DA61D778549}.Release|Any CPU.Build.0 = Release|x86
		{9F9AA376-47D4-4505-8059-1DA61D778549}.Release|Any CPU.Deploy.0 = Release|x86
		{9F9AA376-47D4-4505-8059-1DA61D778549}.Release|ARM.ActiveCfg = Release|ARM
		{9F9AA376-47D4-4505-8059-1DA61D778549}.Release|ARM.Build.0 = Release|ARM
		{9F9AA376-47D4-4505-8059-1DA61D778549}.Release|ARM.Deploy.0 = Release|ARM
		{9F9AA376-47D4-4505-8059-1DA61D778549}.Release|iPhone.ActiveCfg = Release|x86
		{9F9AA376-47D4-4505-8059-1DA61D778549}.Release|iPhone.Build.0 = Release|x86
		{9F9AA376-47D4-4505-8059-1DA61D778549}.Release|iPhone.Deploy.0 = Release|x86
		{9F9AA376-47D4-4505-8059-1DA61D778549}.Release|iPhoneSimulator.ActiveCfg = Release|x86
		{9F9AA376-47D4-4505-8059-1DA61D778549}.Release|iPhoneSimulator.Build.0 = Release|x86
		{9F9AA376-47D4-4505-8059-1DA61D778549}.Release|iPhoneSimulator.Deploy.0 = Release|x86
		{9F9AA376-47D4-4505-8059-1DA61D778549}.Release|x64.ActiveCfg = Release|x64
		{9F9AA376-47D4-4505-8059-1DA61D778549}.Release|x64.Build.0 = Release|x64
		{9F9AA376-47D4-4505-8059-1DA61D778549}.Release|x64.Deploy.0 = Release|x64
		{9F9AA376-47D4-4505-8059-1DA61D778549}.Release|x86.ActiveCfg = Release|x86
		{9F9AA376-47D4-4505-8059-1DA61D778549}.Release|x86.Build.0 = Release|x86
		{9F9AA376-47D4-4505-8059-1DA61D778549}.Release|x86.Deploy.0 = Release|x86
		{E05E054F-D5DE-475D-A688-04DE65CB809B}.Ad-Hoc|Any CPU.ActiveCfg = Debug|Any CPU
		{E05E054F-D5DE-475D-A688-04DE65CB809B}.Ad-Hoc|Any CPU.Build.0 = Debug|Any CPU
		{E05E054F-D5DE-475D-A688-04DE65CB809B}.Ad-Hoc|Any CPU.Deploy.0 = Debug|Any CPU
		{E05E054F-D5DE-475D-A688-04DE65CB809B}.Ad-Hoc|ARM.ActiveCfg = Debug|Any CPU
		{E05E054F-D5DE-475D-A688-04DE65CB809B}.Ad-Hoc|ARM.Build.0 = Debug|Any CPU
		{E05E054F-D5DE-475D-A688-04DE65CB809B}.Ad-Hoc|ARM.Deploy.0 = Debug|Any CPU
		{E05E054F-D5DE-475D-A688-04DE65CB809B}.Ad-Hoc|iPhone.ActiveCfg = Debug|Any CPU
		{E05E054F-D5DE-475D-A688-04DE65CB809B}.Ad-Hoc|iPhone.Build.0 = Debug|Any CPU
		{E05E054F-D5DE-475D-A688-04DE65CB809B}.Ad-Hoc|iPhone.Deploy.0 = Debug|Any CPU
		{E05E054F-D5DE-475D-A688-04DE65CB809B}.Ad-Hoc|iPhoneSimulator.ActiveCfg = Debug|Any CPU
		{E05E054F-D5DE-475D-A688-04DE65CB809B}.Ad-Hoc|iPhoneSimulator.Build.0 = Debug|Any CPU
		{E05E054F-D5DE-475D-A688-04DE65CB809B}.Ad-Hoc|iPhoneSimulator.Deploy.0 = Debug|Any CPU
		{E05E054F-D5DE-475D-A688-04DE65CB809B}.Ad-Hoc|x64.ActiveCfg = Debug|Any CPU
		{E05E054F-D5DE-475D-A688-04DE65CB809B}.Ad-Hoc|x64.Build.0 = Debug|Any CPU
		{E05E054F-D5DE-475D-A688-04DE65CB809B}.Ad-Hoc|x64.Deploy.0 = Debug|Any CPU
		{E05E054F-D5DE-475D-A688-04DE65CB809B}.Ad-Hoc|x86.ActiveCfg = Debug|Any CPU
		{E05E054F-D5DE-475D-A688-04DE65CB809B}.Ad-Hoc|x86.Build.0 = Debug|Any CPU
		{E05E054F-D5DE-475D-A688-04DE65CB809B}.Ad-Hoc|x86.Deploy.0 = Debug|Any CPU
		{E05E054F-D5DE-475D-A688-04DE65CB809B}.AppStore|Any CPU.ActiveCfg = Debug|Any CPU
		{E05E054F-D5DE-475D-A688-04DE65CB809B}.AppStore|Any CPU.Build.0 = Debug|Any CPU
		{E05E054F-D5DE-475D-A688-04DE65CB809B}.AppStore|Any CPU.Deploy.0 = Debug|Any CPU
		{E05E054F-D5DE-475D-A688-04DE65CB809B}.AppStore|ARM.ActiveCfg = Debug|Any CPU
		{E05E054F-D5DE-475D-A688-04DE65CB809B}.AppStore|ARM.Build.0 = Debug|Any CPU
		{E05E054F-D5DE-475D-A688-04DE65CB809B}.AppStore|ARM.Deploy.0 = Debug|Any CPU
		{E05E054F-D5DE-475D-A688-04DE65CB809B}.AppStore|iPhone.ActiveCfg = Debug|Any CPU
		{E05E054F-D5DE-475D-A688-04DE65CB809B}.AppStore|iPhone.Build.0 = Debug|Any CPU
		{E05E054F-D5DE-475D-A688-04DE65CB809B}.AppStore|iPhone.Deploy.0 = Debug|Any CPU
		{E05E054F-D5DE-475D-A688-04DE65CB809B}.AppStore|iPhoneSimulator.ActiveCfg = Debug|Any CPU
		{E05E054F-D5DE-475D-A688-04DE65CB809B}.AppStore|iPhoneSimulator.Build.0 = Debug|Any CPU
		{E05E054F-D5DE-475D-A688-04DE65CB809B}.AppStore|iPhoneSimulator.Deploy.0 = Debug|Any CPU
		{E05E054F-D5DE-475D-A688-04DE65CB809B}.AppStore|x64.ActiveCfg = Debug|Any CPU
		{E05E054F-D5DE-475D-A688-04DE65CB809B}.AppStore|x64.Build.0 = Debug|Any CPU
		{E05E054F-D5DE-475D-A688-04DE65CB809B}.AppStore|x64.Deploy.0 = Debug|Any CPU
		{E05E054F-D5DE-475D-A688-04DE65CB809B}.AppStore|x86.ActiveCfg = Debug|Any CPU
		{E05E054F-D5DE-475D-A688-04DE65CB809B}.AppStore|x86.Build.0 = Debug|Any CPU
		{E05E054F-D5DE-475D-A688-04DE65CB809B}.AppStore|x86.Deploy.0 = Debug|Any CPU
		{E05E054F-D5DE-475D-A688-04DE65CB809B}.Debug|Any CPU.ActiveCfg = Debug|Any CPU
		{E05E054F-D5DE-475D-A688-04DE65CB809B}.Debug|Any CPU.Build.0 = Debug|Any CPU
		{E05E054F-D5DE-475D-A688-04DE65CB809B}.Debug|Any CPU.Deploy.0 = Debug|Any CPU
		{E05E054F-D5DE-475D-A688-04DE65CB809B}.Debug|ARM.ActiveCfg = Debug|Any CPU
		{E05E054F-D5DE-475D-A688-04DE65CB809B}.Debug|ARM.Build.0 = Debug|Any CPU
		{E05E054F-D5DE-475D-A688-04DE65CB809B}.Debug|ARM.Deploy.0 = Debug|Any CPU
		{E05E054F-D5DE-475D-A688-04DE65CB809B}.Debug|iPhone.ActiveCfg = Debug|Any CPU
		{E05E054F-D5DE-475D-A688-04DE65CB809B}.Debug|iPhone.Build.0 = Debug|Any CPU
		{E05E054F-D5DE-475D-A688-04DE65CB809B}.Debug|iPhone.Deploy.0 = Debug|Any CPU
		{E05E054F-D5DE-475D-A688-04DE65CB809B}.Debug|iPhoneSimulator.ActiveCfg = Debug|Any CPU
		{E05E054F-D5DE-475D-A688-04DE65CB809B}.Debug|iPhoneSimulator.Build.0 = Debug|Any CPU
		{E05E054F-D5DE-475D-A688-04DE65CB809B}.Debug|iPhoneSimulator.Deploy.0 = Debug|Any CPU
		{E05E054F-D5DE-475D-A688-04DE65CB809B}.Debug|x64.ActiveCfg = Debug|Any CPU
		{E05E054F-D5DE-475D-A688-04DE65CB809B}.Debug|x64.Build.0 = Debug|Any CPU
		{E05E054F-D5DE-475D-A688-04DE65CB809B}.Debug|x64.Deploy.0 = Debug|Any CPU
		{E05E054F-D5DE-475D-A688-04DE65CB809B}.Debug|x86.ActiveCfg = Debug|Any CPU
		{E05E054F-D5DE-475D-A688-04DE65CB809B}.Debug|x86.Build.0 = Debug|Any CPU
		{E05E054F-D5DE-475D-A688-04DE65CB809B}.Debug|x86.Deploy.0 = Debug|Any CPU
		{E05E054F-D5DE-475D-A688-04DE65CB809B}.Release|Any CPU.ActiveCfg = Release|Any CPU
		{E05E054F-D5DE-475D-A688-04DE65CB809B}.Release|Any CPU.Build.0 = Release|Any CPU
		{E05E054F-D5DE-475D-A688-04DE65CB809B}.Release|Any CPU.Deploy.0 = Release|Any CPU
		{E05E054F-D5DE-475D-A688-04DE65CB809B}.Release|ARM.ActiveCfg = Release|Any CPU
		{E05E054F-D5DE-475D-A688-04DE65CB809B}.Release|ARM.Build.0 = Release|Any CPU
		{E05E054F-D5DE-475D-A688-04DE65CB809B}.Release|ARM.Deploy.0 = Release|Any CPU
		{E05E054F-D5DE-475D-A688-04DE65CB809B}.Release|iPhone.ActiveCfg = Release|Any CPU
		{E05E054F-D5DE-475D-A688-04DE65CB809B}.Release|iPhone.Build.0 = Release|Any CPU
		{E05E054F-D5DE-475D-A688-04DE65CB809B}.Release|iPhone.Deploy.0 = Release|Any CPU
		{E05E054F-D5DE-475D-A688-04DE65CB809B}.Release|iPhoneSimulator.ActiveCfg = Release|Any CPU
		{E05E054F-D5DE-475D-A688-04DE65CB809B}.Release|iPhoneSimulator.Build.0 = Release|Any CPU
		{E05E054F-D5DE-475D-A688-04DE65CB809B}.Release|iPhoneSimulator.Deploy.0 = Release|Any CPU
		{E05E054F-D5DE-475D-A688-04DE65CB809B}.Release|x64.ActiveCfg = Release|Any CPU
		{E05E054F-D5DE-475D-A688-04DE65CB809B}.Release|x64.Build.0 = Release|Any CPU
		{E05E054F-D5DE-475D-A688-04DE65CB809B}.Release|x64.Deploy.0 = Release|Any CPU
		{E05E054F-D5DE-475D-A688-04DE65CB809B}.Release|x86.ActiveCfg = Release|Any CPU
		{E05E054F-D5DE-475D-A688-04DE65CB809B}.Release|x86.Build.0 = Release|Any CPU
		{E05E054F-D5DE-475D-A688-04DE65CB809B}.Release|x86.Deploy.0 = Release|Any CPU
		{7583EBFA-F83C-47C7-A158-D5D2825F3E58}.Ad-Hoc|Any CPU.ActiveCfg = Release|Any CPU
		{7583EBFA-F83C-47C7-A158-D5D2825F3E58}.Ad-Hoc|Any CPU.Build.0 = Release|Any CPU
		{7583EBFA-F83C-47C7-A158-D5D2825F3E58}.Ad-Hoc|ARM.ActiveCfg = Release|Any CPU
		{7583EBFA-F83C-47C7-A158-D5D2825F3E58}.Ad-Hoc|ARM.Build.0 = Release|Any CPU
		{7583EBFA-F83C-47C7-A158-D5D2825F3E58}.Ad-Hoc|iPhone.ActiveCfg = Release|Any CPU
		{7583EBFA-F83C-47C7-A158-D5D2825F3E58}.Ad-Hoc|iPhone.Build.0 = Release|Any CPU
		{7583EBFA-F83C-47C7-A158-D5D2825F3E58}.Ad-Hoc|iPhoneSimulator.ActiveCfg = Release|Any CPU
		{7583EBFA-F83C-47C7-A158-D5D2825F3E58}.Ad-Hoc|iPhoneSimulator.Build.0 = Release|Any CPU
		{7583EBFA-F83C-47C7-A158-D5D2825F3E58}.Ad-Hoc|x64.ActiveCfg = Release|Any CPU
		{7583EBFA-F83C-47C7-A158-D5D2825F3E58}.Ad-Hoc|x64.Build.0 = Release|Any CPU
		{7583EBFA-F83C-47C7-A158-D5D2825F3E58}.Ad-Hoc|x86.ActiveCfg = Release|Any CPU
		{7583EBFA-F83C-47C7-A158-D5D2825F3E58}.Ad-Hoc|x86.Build.0 = Release|Any CPU
		{7583EBFA-F83C-47C7-A158-D5D2825F3E58}.AppStore|Any CPU.ActiveCfg = Release|Any CPU
		{7583EBFA-F83C-47C7-A158-D5D2825F3E58}.AppStore|Any CPU.Build.0 = Release|Any CPU
		{7583EBFA-F83C-47C7-A158-D5D2825F3E58}.AppStore|ARM.ActiveCfg = Release|Any CPU
		{7583EBFA-F83C-47C7-A158-D5D2825F3E58}.AppStore|ARM.Build.0 = Release|Any CPU
		{7583EBFA-F83C-47C7-A158-D5D2825F3E58}.AppStore|iPhone.ActiveCfg = Release|Any CPU
		{7583EBFA-F83C-47C7-A158-D5D2825F3E58}.AppStore|iPhone.Build.0 = Release|Any CPU
		{7583EBFA-F83C-47C7-A158-D5D2825F3E58}.AppStore|iPhoneSimulator.ActiveCfg = Release|Any CPU
		{7583EBFA-F83C-47C7-A158-D5D2825F3E58}.AppStore|iPhoneSimulator.Build.0 = Release|Any CPU
		{7583EBFA-F83C-47C7-A158-D5D2825F3E58}.AppStore|x64.ActiveCfg = Release|Any CPU
		{7583EBFA-F83C-47C7-A158-D5D2825F3E58}.AppStore|x64.Build.0 = Release|Any CPU
		{7583EBFA-F83C-47C7-A158-D5D2825F3E58}.AppStore|x86.ActiveCfg = Release|Any CPU
		{7583EBFA-F83C-47C7-A158-D5D2825F3E58}.AppStore|x86.Build.0 = Release|Any CPU
		{7583EBFA-F83C-47C7-A158-D5D2825F3E58}.Debug|Any CPU.ActiveCfg = Debug|Any CPU
		{7583EBFA-F83C-47C7-A158-D5D2825F3E58}.Debug|Any CPU.Build.0 = Debug|Any CPU
		{7583EBFA-F83C-47C7-A158-D5D2825F3E58}.Debug|ARM.ActiveCfg = Debug|Any CPU
		{7583EBFA-F83C-47C7-A158-D5D2825F3E58}.Debug|ARM.Build.0 = Debug|Any CPU
		{7583EBFA-F83C-47C7-A158-D5D2825F3E58}.Debug|iPhone.ActiveCfg = Debug|Any CPU
		{7583EBFA-F83C-47C7-A158-D5D2825F3E58}.Debug|iPhone.Build.0 = Debug|Any CPU
		{7583EBFA-F83C-47C7-A158-D5D2825F3E58}.Debug|iPhoneSimulator.ActiveCfg = Debug|Any CPU
		{7583EBFA-F83C-47C7-A158-D5D2825F3E58}.Debug|iPhoneSimulator.Build.0 = Debug|Any CPU
		{7583EBFA-F83C-47C7-A158-D5D2825F3E58}.Debug|x64.ActiveCfg = Debug|Any CPU
		{7583EBFA-F83C-47C7-A158-D5D2825F3E58}.Debug|x64.Build.0 = Debug|Any CPU
		{7583EBFA-F83C-47C7-A158-D5D2825F3E58}.Debug|x86.ActiveCfg = Debug|Any CPU
		{7583EBFA-F83C-47C7-A158-D5D2825F3E58}.Debug|x86.Build.0 = Debug|Any CPU
		{7583EBFA-F83C-47C7-A158-D5D2825F3E58}.Release|Any CPU.ActiveCfg = Release|Any CPU
		{7583EBFA-F83C-47C7-A158-D5D2825F3E58}.Release|Any CPU.Build.0 = Release|Any CPU
		{7583EBFA-F83C-47C7-A158-D5D2825F3E58}.Release|ARM.ActiveCfg = Release|Any CPU
		{7583EBFA-F83C-47C7-A158-D5D2825F3E58}.Release|ARM.Build.0 = Release|Any CPU
		{7583EBFA-F83C-47C7-A158-D5D2825F3E58}.Release|iPhone.ActiveCfg = Release|Any CPU
		{7583EBFA-F83C-47C7-A158-D5D2825F3E58}.Release|iPhone.Build.0 = Release|Any CPU
		{7583EBFA-F83C-47C7-A158-D5D2825F3E58}.Release|iPhoneSimulator.ActiveCfg = Release|Any CPU
		{7583EBFA-F83C-47C7-A158-D5D2825F3E58}.Release|iPhoneSimulator.Build.0 = Release|Any CPU
		{7583EBFA-F83C-47C7-A158-D5D2825F3E58}.Release|x64.ActiveCfg = Release|Any CPU
		{7583EBFA-F83C-47C7-A158-D5D2825F3E58}.Release|x64.Build.0 = Release|Any CPU
		{7583EBFA-F83C-47C7-A158-D5D2825F3E58}.Release|x86.ActiveCfg = Release|Any CPU
		{7583EBFA-F83C-47C7-A158-D5D2825F3E58}.Release|x86.Build.0 = Release|Any CPU
	EndGlobalSection
	GlobalSection(SolutionProperties) = preSolution
		HideSolutionNode = FALSE
	EndGlobalSection
	GlobalSection(ExtensibilityGlobals) = postSolution
		SolutionGuid = {76F649D9-1FF8-48F2-99F1-A73D5FF56590}
	EndGlobalSection
EndGlobal
